
Microsoft Visual Studio Solution File, Format Version 12.00
# Visual Studio Version 16
VisualStudioVersion = 16.0.32901.82
MinimumVisualStudioVersion = 10.0.40219.1
Project("{FAE04EC0-301F-11D3-BF4B-00C04F79EFBC}") = "SampleProject", "SampleProject\SampleProject.csproj", "{22664104-428D-4FAA-A9C0-833B6C49AD7E}"
EndProject
Global
	GlobalSection(SolutionConfigurationPlatforms) = preSolution
		Debug|Any CPU = Debug|Any CPU
		Release|Any CPU = Release|Any CPU
	EndGlobalSection
	GlobalSection(ProjectConfigurationPlatforms) = postSolution
		{22664104-428D-4FAA-A9C0-833B6C49AD7E}.Debug|Any CPU.ActiveCfg = Debug|Any CPU
		{22664104-428D-4FAA-A9C0-833B6C49AD7E}.Debug|Any CPU.Build.0 = Debug|Any CPU
		{22664104-428D-4FAA-A9C0-833B6C49AD7E}.Release|Any CPU.ActiveCfg = Release|Any CPU
		{22664104-428D-4FAA-A9C0-833B6C49AD7E}.Release|Any CPU.Build.0 = Release|Any CPU
	EndGlobalSection
	GlobalSection(SolutionProperties) = preSolution
		HideSolutionNode = FALSE
	EndGlobalSection
	GlobalSection(ExtensibilityGlobals) = postSolution
		SolutionGuid = {4AE5461A-EB16-4F79-A0EB-8AD056459517}
	EndGlobalSection
EndGlobal
